Microsoft Visual Studio Solution File, Format Version 12.00
# Visual Studio 15
VisualStudioVersion = 15.0.26730.10
MinimumVisualStudioVersion = 10.0.40219.1
Project("{FAE04EC0-301F-11D3-BF4B-00C04F79EFBC}") = "DllLoaderDemoExec", "DllLoaderDemoExec\DllLoaderDemoExec.csproj", "{7D53C1BC-6776-42AC-A228-05F6C834D485}"
	ProjectSection(ProjectDependencies) = postProject
		{66C5CE5C-26A0-4628-9435-F19FFA4FFDCC} = {66C5CE5C-26A0-4628-9435-F19FFA4FFDCC}
		{4B64D46E-9034-4BD3-B10E-3A38A6463898} = {4B64D46E-9034-4BD3-B10E-3A38A6463898}
		{AA4649E8-3B3B-48E1-8CFC-0CAD7912AF19} = {AA4649E8-3B3B-48E1-8CFC-0CAD7912AF19}
	EndProjectSection
EndProject
Project("{FAE04EC0-301F-11D3-BF4B-00C04F79EFBC}") = "InterfacesLib", "InterfacesLib\InterfacesLib.csproj", "{EE9D8752-4032-471C-8FF1-9827E9C3A385}"
EndProject
Project("{FAE04EC0-301F-11D3-BF4B-00C04F79EFBC}") = "TestedLib", "TestedLib\TestedLib.csproj", "{66C5CE5C-26A0-4628-9435-F19FFA4FFDCC}"
EndProject
Project("{FAE04EC0-301F-11D3-BF4B-00C04F79EFBC}") = "TesterLib", "TesterLib\TesterLib.csproj", "{4B64D46E-9034-4BD3-B10E-3A38A6463898}"
EndProject
Project("{FAE04EC0-301F-11D3-BF4B-00C04F79EFBC}") = "TestedLibDependency", "TestedLibDependency\TestedLibDependency.csproj", "{AA4649E8-3B3B-48E1-8CFC-0CAD7912AF19}"
EndProject
Global
	GlobalSection(SolutionConfigurationPlatforms) = preSolution
		Debug|Any CPU = Debug|Any CPU
		Release|Any CPU = Release|Any CPU
	EndGlobalSection
	GlobalSection(ProjectConfigurationPlatforms) = postSolution
		{7D53C1BC-6776-42AC-A228-05F6C834D485}.Debug|Any CPU.ActiveCfg = Debug|Any CPU
		{7D53C1BC-6776-42AC-A228-05F6C834D485}.Debug|Any CPU.Build.0 = Debug|Any CPU
		{7D53C1BC-6776-42AC-A228-05F6C834D485}.Release|Any CPU.ActiveCfg = Release|Any CPU
		{7D53C1BC-6776-42AC-A228-05F6C834D485}.Release|Any CPU.Build.0 = Release|Any CPU
		{EE9D8752-4032-471C-8FF1-9827E9C3A385}.Debug|Any CPU.ActiveCfg = Debug|Any CPU
		{EE9D8752-4032-471C-8FF1-9827E9C3A385}.Debug|Any CPU.Build.0 = Debug|Any CPU
		{EE9D8752-4032-471C-8FF1-9827E9C3A385}.Release|Any CPU.ActiveCfg = Release|Any CPU
		{EE9D8752-4032-471C-8FF1-9827E9C3A385}.Release|Any CPU.Build.0 = Release|Any CPU
		{66C5CE5C-26A0-4628-9435-F19FFA4FFDCC}.Debug|Any CPU.ActiveCfg = Debug|Any CPU
		{66C5CE5C-26A0-4628-9435-F19FFA4FFDCC}.Debug|Any CPU.Build.0 = Debug|Any CPU
		{66C5CE5C-26A0-4628-9435-F19FFA4FFDCC}.Release|Any CPU.ActiveCfg = Release|Any CPU
		{66C5CE5C-26A0-4628-9435-F19FFA4FFDCC}.Release|Any CPU.Build.0 = Release|Any CPU
		{4B64D46E-9034-4BD3-B10E-3A38A6463898}.Debug|Any CPU.ActiveCfg = Debug|Any CPU
		{4B64D46E-9034-4BD3-B10E-3A38A6463898}.Debug|Any CPU.Build.0 = Debug|Any CPU
		{4B64D46E-9034-4BD3-B10E-3A38A6463898}.Release|Any CPU.ActiveCfg = Release|Any CPU
		{4B64D46E-9034-4BD3-B10E-3A38A6463898}.Release|Any CPU.Build.0 = Release|Any CPU
		{AA4649E8-3B3B-48E1-8CFC-0CAD7912AF19}.Debug|Any CPU.ActiveCfg = Debug|Any CPU
		{AA4649E8-3B3B-48E1-8CFC-0CAD7912AF19}.Debug|Any CPU.Build.0 = Debug|Any CPU
		{AA4649E8-3B3B-48E1-8CFC-0CAD7912AF19}.Release|Any CPU.ActiveCfg = Release|Any CPU
		{AA4649E8-3B3B-48E1-8CFC-0CAD7912AF19}.Release|Any CPU.Build.0 = Release|Any CPU
	EndGlobalSection
	GlobalSection(SolutionProperties) = preSolution
		HideSolutionNode = FALSE
	EndGlobalSection
	GlobalSection(ExtensibilityGlobals) = postSolution
		SolutionGuid = {D815BE52-F991-48AF-994B-F7A9A973D39F}
	EndGlobalSection
EndGlobal
